// !$*UTF8*$!
{
	archiveVersion = 1;
	classes = {
	};
	objectVersion = 46;
	objects = {

/* Begin PBXBuildFile section */
		A1CC3A981B7206E700421EA0 /* main.m in Sources */ = {isa = PBXBuildFile; fileRef = A1CC3A971B7206E700421EA0 /* main.m */; };
		A1CC3A9B1B7206E700421EA0 /* AppDelegate.m in Sources */ = {isa = PBXBuildFile; fileRef = A1CC3A9A1B7206E700421EA0 /* AppDelegate.m */; };
		A1CC3AA31B7206E700421EA0 /* Images.xcassets in Resources */ = {isa = PBXBuildFile; fileRef = A1CC3AA21B7206E700421EA0 /* Images.xcassets */; };
		A1CC3AA61B7206E700421EA0 /* LaunchScreen.xib in Resources */ = {isa = PBXBuildFile; fileRef = A1CC3AA41B7206E700421EA0 /* LaunchScreen.xib */; };
		A1CC3AB21B7206E700421EA0 /* ExpandTableViewTests.m in Sources */ = {isa = PBXBuildFile; fileRef = A1CC3AB11B7206E700421EA0 /* ExpandTableViewTests.m */; };
		A1CC3ABD1B72074E00421EA0 /* ExpandViewController.m in Sources */ = {isa = PBXBuildFile; fileRef = A1CC3ABC1B72074E00421EA0 /* ExpandViewController.m */; };
		A1CC3AC61B720EC100421EA0 /* Main.storyboard in Resources */ = {isa = PBXBuildFile; fileRef = A1CC3AC41B720EC100421EA0 /* Main.storyboard */; };
		A1CC3AC91B7217F100421EA0 /* TableViewCell.m in Sources */ = {isa = PBXBuildFile; fileRef = A1CC3AC81B7217F100421EA0 /* TableViewCell.m */; };
/* End PBXBuildFile section */

/* Begin PBXContainerItemProxy section */
		A1CC3AAC1B7206E700421EA0 /* PBXContainerItemProxy */ = {
			isa = PBXContainerItemProxy;
			containerPortal = A1CC3A8A1B7206E700421EA0 /* Project object */;
			proxyType = 1;
			remoteGlobalIDString = A1CC3A911B7206E700421EA0;
			remoteInfo = ExpandTableView;
		};
/* End PBXContainerItemProxy section */

/* Begin PBXFileReference section */
		A1CC3A921B7206E700421EA0 /* ExpandTableView.app */ = {isa = PBXFileReference; explicitFileType = wrapper.application; includeInIndex = 0; path = ExpandTableView.app; sourceTree = BUILT_PRODUCTS_DIR; };
		A1CC3A961B7206E700421EA0 /* Info.plist */ = {isa = PBXFileReference; lastKnownFileType = text.plist.xml; path = Info.plist; sourceTree = "<group>"; };
		A1CC3A971B7206E700421EA0 /* main.m */ = {isa = PBXFileReference; lastKnownFileType = sourcecode.c.objc; path = main.m; sourceTree = "<group>"; };
		A1CC3A991B7206E700421EA0 /* AppDelegate.h */ = {isa = PBXFileReference; lastKnownFileType = sourcecode.c.h; path = AppDelegate.h; sourceTree = "<group>"; };
		A1CC3A9A1B7206E700421EA0 /* AppDelegate.m */ = {isa = PBXFileReference; lastKnownFileType = sourcecode.c.objc; path = AppDelegate.m; sourceTree = "<group>"; };
		A1CC3AA21B7206E700421EA0 /* Images.xcassets */ = {isa = PBXFileReference; lastKnownFileType = folder.assetcatalog; path = Images.xcassets; sourceTree = "<group>"; };
		A1CC3AA51B7206E700421EA0 /* Base */ = {isa = PBXFileReference; lastKnownFileType = file.xib; name = Base; path = Base.lproj/LaunchScreen.xib; sourceTree = "<group>"; };
		A1CC3AAB1B7206E700421EA0 /* ExpandTableViewTests.xctest */ = {isa = PBXFileReference; explicitFileType = wrapper.cfbundle; includeInIndex = 0; path = ExpandTableViewTests.xctest; sourceTree = BUILT_PRODUCTS_DIR; };
		A1CC3AB01B7206E700421EA0 /* Info.plist */ = {isa = PBXFileReference; lastKnownFileType = text.plist.xml; path = Info.plist; sourceTree = "<group>"; };
		A1CC3AB11B7206E700421EA0 /* ExpandTableViewTests.m */ = {isa = PBXFileReference; lastKnownFileType = sourcecode.c.objc; path = ExpandTableViewTests.m; sourceTree = "<group>"; };
		A1CC3ABB1B72074E00421EA0 /* ExpandViewController.h */ = {isa = PBXFileReference; fileEncoding = 4; lastKnownFileType = sourcecode.c.h; path = ExpandViewController.h; sourceTree = "<group>"; };
		A1CC3ABC1B72074E00421EA0 /* ExpandViewController.m */ = {isa = PBXFileReference; fileEncoding = 4; lastKnownFileType = sourcecode.c.objc; path = ExpandViewController.m; sourceTree = "<group>"; };
		A1CC3AC51B720EC100421EA0 /* Base */ = {isa = PBXFileReference; lastKnownFileType = file.storyboard; name = Base; path = Base.lproj/Main.storyboard; sourceTree = "<group>"; };
		A1CC3AC71B7217F100421EA0 /* TableViewCell.h */ = {isa = PBXFileReference; fileEncoding = 4; lastKnownFileType = sourcecode.c.h; path = TableViewCell.h; sourceTree = "<group>"; };
		A1CC3AC81B7217F100421EA0 /* TableViewCell.m */ = {isa = PBXFileReference; fileEncoding = 4; lastKnownFileType = sourcecode.c.objc; path = TableViewCell.m; sourceTree = "<group>"; };
/* End PBXFileReference section */

/* Begin PBXFrameworksBuildPhase section */
		A1CC3A8F1B7206E700421EA0 /* Frameworks */ = {
			isa = PBXFrameworksBuildPhase;
			buildActionMask = 2147483647;
			files = (
			);
			runOnlyForDeploymentPostprocessing = 0;
		};
		A1CC3AA81B7206E700421EA0 /* Frameworks */ = {
			isa = PBXFrameworksBuildPhase;
			buildActionMask = 2147483647;
			files = (
			);
			runOnlyForDeploymentPostprocessing = 0;
		};
/* End PBXFrameworksBuildPhase section */

/* Begin PBXGroup section */
		A1CC3A891B7206E700421EA0 = {
			isa = PBXGroup;
			children = (
				A1CC3A941B7206E700421EA0 /* ExpandTableView */,
				A1CC3AAE1B7206E700421EA0 /* ExpandTableViewTests */,
				A1CC3A931B7206E700421EA0 /* Products */,
			);
			sourceTree = "<group>";
		};
		A1CC3A931B7206E700421EA0 /* Products */ = {
			isa = PBXGroup;
			children = (
				A1CC3A921B7206E700421EA0 /* ExpandTableView.app */,
				A1CC3AAB1B7206E700421EA0 /* ExpandTableViewTests.xctest */,
			);
			name = Products;
			sourceTree = "<group>";
		};
		A1CC3A941B7206E700421EA0 /* ExpandTableView */ = {
			isa = PBXGroup;
			children = (
				A1CC3A991B7206E700421EA0 /* AppDelegate.h */,
				A1CC3A9A1B7206E700421EA0 /* AppDelegate.m */,
				A1CC3AC41B720EC100421EA0 /* Main.storyboard */,
				A1CC3AA21B7206E700421EA0 /* Images.xcassets */,
				A1CC3AA41B7206E700421EA0 /* LaunchScreen.xib */,
				A1CC3A951B7206E700421EA0 /* Supporting Files */,
				A1CC3ABB1B72074E00421EA0 /* ExpandViewController.h */,
				A1CC3ABC1B72074E00421EA0 /* ExpandViewController.m */,
				A1CC3AC71B7217F100421EA0 /* TableViewCell.h */,
				A1CC3AC81B7217F100421EA0 /* TableViewCell.m */,
			);
			path = ExpandTableView;
			sourceTree = "<group>";
		};
		A1CC3A951B7206E700421EA0 /* Supporting Files */ = {
			isa = PBXGroup;
			children = (
				A1CC3A961B7206E700421EA0 /* Info.plist */,
				A1CC3A971B7206E700421EA0 /* main.m */,
			);
			name = "Supporting Files";
			sourceTree = "<group>";
		};
		A1CC3AAE1B7206E700421EA0 /* ExpandTableViewTests */ = {
			isa = PBXGroup;
			children = (
				A1CC3AB11B7206E700421EA0 /* ExpandTableViewTests.m */,
				A1CC3AAF1B7206E700421EA0 /* Supporting Files */,
			);
			path = ExpandTableViewTests;
			sourceTree = "<group>";
		};
		A1CC3AAF1B7206E700421EA0 /* Supporting Files */ = {
			isa = PBXGroup;
			children = (
				A1CC3AB01B7206E700421EA0 /* Info.plist */,
			);
			name = "Supporting Files";
			sourceTree = "<group>";
		};
/* End PBXGroup section */

/* Begin PBXNativeTarget section */
		A1CC3A911B7206E700421EA0 /* ExpandTableView */ = {
			isa = PBXNativeTarget;
			buildConfigurationList = A1CC3AB51B7206E700421EA0 /* Build configuration list for PBXNativeTarget "ExpandTableView" */;
			buildPhases = (
				A1CC3A8E1B7206E700421EA0 /* Sources */,
				A1CC3A8F1B7206E700421EA0 /* Frameworks */,
				A1CC3A901B7206E700421EA0 /* Resources */,
			);
			buildRules = (
			);
			dependencies = (
			);
			name = ExpandTableView;
			productName = ExpandTableView;
			productReference = A1CC3A921B7206E700421EA0 /* ExpandTableView.app */;
			productType = "com.apple.product-type.application";
		};
		A1CC3AAA1B7206E700421EA0 /* ExpandTableViewTests */ = {
			isa = PBXNativeTarget;
			buildConfigurationList = A1CC3AB81B7206E700421EA0 /* Build configuration list for PBXNativeTarget "ExpandTableViewTests" */;
			buildPhases = (
				A1CC3AA71B7206E700421EA0 /* Sources */,
				A1CC3AA81B7206E700421EA0 /* Frameworks */,
				A1CC3AA91B7206E700421EA0 /* Resources */,
			);
			buildRules = (
			);
			dependencies = (
				A1CC3AAD1B7206E700421EA0 /* PBXTargetDependency */,
			);
			name = ExpandTableViewTests;
			productName = ExpandTableViewTests;
			productReference = A1CC3AAB1B7206E700421EA0 /* ExpandTableViewTests.xctest */;
			productType = "com.apple.product-type.bundle.unit-test";
		};
/* End PBXNativeTarget section */

/* Begin PBXProject section */
		A1CC3A8A1B7206E700421EA0 /* Project object */ = {
			isa = PBXProject;
			attributes = {
				LastUpgradeCheck = 0630;
				ORGANIZATIONNAME = krish;
				TargetAttributes = {
					A1CC3A911B7206E700421EA0 = {
						CreatedOnToolsVersion = 6.3.1;
					};
					A1CC3AAA1B7206E700421EA0 = {
						CreatedOnToolsVersion = 6.3.1;
						TestTargetID = A1CC3A911B7206E700421EA0;
					};
				};
			};
			buildConfigurationList = A1CC3A8D1B7206E700421EA0 /* Build configuration list for PBXProject "ExpandTableView" */;
			compatibilityVersion = "Xcode 3.2";
			developmentRegion = English;
			hasScannedForEncodings = 0;
			knownRegions = (
				en,
				Base,
			);
			mainGroup = A1CC3A891B7206E700421EA0;
			productRefGroup = A1CC3A931B7206E700421EA0 /* Products */;
			projectDirPath = "";
			projectRoot = "";
			targets = (
				A1CC3A911B7206E700421EA0 /* ExpandTableView */,
				A1CC3AAA1B7206E700421EA0 /* ExpandTableViewTests */,
			);
		};
/* End PBXProject section */

/* Begin PBXResourcesBuildPhase section */
		A1CC3A901B7206E700421EA0 /* Resources */ = {
			isa = PBXResourcesBuildPhase;
			buildActionMask = 2147483647;
			files = (
				A1CC3AC61B720EC100421EA0 /* Main.storyboard in Resources */,
				A1CC3AA61B7206E700421EA0 /* LaunchScreen.xib in Resources */,
				A1CC3AA31B7206E700421EA0 /* Images.xcassets in Resources */,
			);
			runOnlyForDeploymentPostprocessing = 0;
		};
		A1CC3AA91B7206E700421EA0 /* Resources */ = {
			isa = PBXResourcesBuildPhase;
			buildActionMask = 2147483647;
			files = (
			);
			runOnlyForDeploymentPostprocessing = 0;
		};
/* End PBXResourcesBuildPhase section */

/* Begin PBXSourcesBuildPhase section */
		A1CC3A8E1B7206E700421EA0 /* Sources */ = {
			isa = PBXSourcesBuildPhase;
			buildActionMask = 2147483647;
			files = (
				A1CC3ABD1B72074E00421EA0 /* ExpandViewController.m in Sources */,
				A1CC3AC91B7217F100421EA0 /* TableViewCell.m in Sources */,
				A1CC3A9B1B7206E700421EA0 /* AppDelegate.m in Sources */,
				A1CC3A981B7206E700421EA0 /* main.m in Sources */,
			);
			runOnlyForDeploymentPostprocessing = 0;
		};
		A1CC3AA71B7206E700421EA0 /* Sources */ = {
			isa = PBXSourcesBuildPhase;
			buildActionMask = 2147483647;
			files = (
				A1CC3AB21B7206E700421EA0 /* ExpandTableViewTests.m in Sources */,
			);
			runOnlyForDeploymentPostprocessing = 0;
		};
/* End PBXSourcesBuildPhase section */

/* Begin PBXTargetDependency section */
		A1CC3AAD1B7206E700421EA0 /* PBXTargetDependency */ = {
			isa = PBXTargetDependency;
			target = A1CC3A911B7206E700421EA0 /* ExpandTableView */;
			targetProxy = A1CC3AAC1B7206E700421EA0 /* PBXContainerItemProxy */;
		};
/* End PBXTargetDependency section */

/* Begin PBXVariantGroup section */
		A1CC3AA41B7206E700421EA0 /* LaunchScreen.xib */ = {
			isa = PBXVariantGroup;
			children = (
				A1CC3AA51B7206E700421EA0 /* Base */,
			);
			name = LaunchScreen.xib;
			sourceTree = "<group>";
		};
		A1CC3AC41B720EC100421EA0 /* Main.storyboard */ = {
			isa = PBXVariantGroup;
			children = (
				A1CC3AC51B720EC100421EA0 /* Base */,
			);
			name = Main.storyboard;
			sourceTree = "<group>";
		};
/* End PBXVariantGroup section */

/* Begin XCBuildConfiguration section */
		A1CC3AB31B7206E700421EA0 /* Debug */ = {
			isa = XCBuildConfiguration;
			buildSettings = {
				ALWAYS_SEARCH_USER_PATHS = NO;
				CLANG_CXX_LANGUAGE_STANDARD = "gnu++0x";
				CLANG_CXX_LIBRARY = "libc++";
				CLANG_ENABLE_MODULES = YES;
				CLANG_ENABLE_OBJC_ARC = YES;
				CLANG_WARN_BOOL_CONVERSION = YES;
				CLANG_WARN_CONSTANT_CONVERSION = YES;
				CLANG_WARN_DIRECT_OBJC_ISA_USAGE = YES_ERROR;
				CLANG_WARN_EMPTY_BODY = YES;
				CLANG_WARN_ENUM_CONVERSION = YES;
				CLANG_WARN_INT_CONVERSION = YES;
				CLANG_WARN_OBJC_ROOT_CLASS = YES_ERROR;
				CLANG_WARN_UNREACHABLE_CODE = YES;
				CLANG_WARN__DUPLICATE_METHOD_MATCH = YES;
				"CODE_SIGN_IDENTITY[sdk=iphoneos*]" = "iPhone Developer";
				COPY_PHASE_STRIP = NO;
				DEBUG_INFORMATION_FORMAT = "dwarf-with-dsym";
				ENABLE_STRICT_OBJC_MSGSEND = YES;
				GCC_C_LANGUAGE_STANDARD = gnu99;
				GCC_DYNAMIC_NO_PIC = NO;
				GCC_NO_COMMON_BLOCKS = YES;
				GCC_OPTIMIZATION_LEVEL = 0;
				GCC_PREPROCESSOR_DEFINITIONS = (
					"DEBUG=1",
					"$(inherited)",
				);
				GCC_SYMBOLS_PRIVATE_EXTERN = NO;
				GCC_WARN_64_TO_32_BIT_CONVERSION = YES;
				GCC_WARN_ABOUT_RETURN_TYPE = YES_ERROR;
				GCC_WARN_UNDECLARED_SELECTOR = YES;
				GCC_WARN_UNINITIALIZED_AUTOS = YES_AGGRESSIVE;
				GCC_WARN_UNUSED_FUNCTION = YES;
				GCC_WARN_UNUSED_VARIABLE = YES;
				IPHONEOS_DEPLOYMENT_TARGET = 8.3;
				MTL_ENABLE_DEBUG_INFO = YES;
				ONLY_ACTIVE_ARCH = YES;
				SDKROOT = iphoneos;
				TARGETED_DEVICE_FAMILY = "1,2";
			};
			name = Debug;
		};
		A1CC3AB41B7206E700421EA0 /* Release */ = {
			isa = XCBuildConfiguration;
			buildSettings = {
				ALWAYS_SEARCH_USER_PATHS = NO;
				CLANG_CXX_LANGUAGE_STANDARD = "gnu++0x";
				CLANG_CXX_LIBRARY = "libc++";
				CLANG_ENABLE_MODULES = YES;
				CLANG_ENABLE_OBJC_ARC = YES;
				CLANG_WARN_BOOL_CONVERSION = YES;
				CLANG_WARN_CONSTANT_CONVERSION = YES;
				CLANG_WARN_DIRECT_OBJC_ISA_USAGE = YES_ERROR;
				CLANG_WARN_EMPTY_BODY = YES;
				CLANG_WARN_ENUM_CONVERSION = YES;
				CLANG_WARN_INT_CONVERSION = YES;
				CLANG_WARN_OBJC_ROOT_CLASS = YES_ERROR;
				CLANG_WARN_UNREACHABLE_CODE = YES;
				CLANG_WARN__DUPLICATE_METHOD_MATCH = YES;
				"CODE_SIGN_IDENTITY[sdk=iphoneos*]" = "iPhone Developer";
				COPY_PHASE_STRIP = NO;
				DEBUG_INFORMATION_FORMAT = "dwarf-with-dsym";
				ENABLE_NS_ASSERTIONS = NO;
				ENABLE_STRICT_OBJC_MSGSEND = YES;
				GCC_C_LANGUAGE_STANDARD = gnu99;
				GCC_NO_COMMON_BLOCKS = YES;
				GCC_WARN_64_TO_32_BIT_CONVERSION = YES;
				GCC_WARN_ABOUT_RETURN_TYPE = YES_ERROR;
				GCC_WARN_UNDECLARED_SELECTOR = YES;
				GCC_WARN_UNINITIALIZED_AUTOS = YES_AGGRESSIVE;
				GCC_WARN_UNUSED_FUNCTION = YES;
				GCC_WARN_UNUSED_VARIABLE = YES;
				IPHONEOS_DEPLOYMENT_TARGET = 8.3;
				MTL_ENABLE_DEBUG_INFO = NO;
				SDKROOT = iphoneos;
				TARGETED_DEVICE_FAMILY = "1,2";
				VALIDATE_PRODUCT = YES;
			};
			name = Release;
		};
		A1CC3AB61B7206E700421EA0 /* Debug */ = {
			isa = XCBuildConfiguration;
			buildSettings = {
				ASSETCATALOG_COMPILER_APPICON_NAME = AppIcon;
				INFOPLIST_FILE = ExpandTableView/Info.plist;
				LD_RUNPATH_SEARCH_PATHS = "$(inherited) @executable_path/Frameworks";
				PRODUCT_NAME = "$(TARGET_NAME)";
			};
			name = Debug;
		};
		A1CC3AB71B7206E700421EA0 /* Release */ = {
			isa = XCBuildConfiguration;
			buildSettings = {
				ASSETCATALOG_COMPILER_APPICON_NAME = AppIcon;
				INFOPLIST_FILE = ExpandTableView/Info.plist;
				LD_RUNPATH_SEARCH_PATHS = "$(inherited) @executable_path/Frameworks";
				PRODUCT_NAME = "$(TARGET_NAME)";
			};
			name = Release;
		};
		A1CC3AB91B7206E700421EA0 /* Debug */ = {
			isa = XCBuildConfiguration;
			buildSettings = {
				BUNDLE_LOADER = "$(TEST_HOST)";
				FRAMEWORK_SEARCH_PATHS = (
					"$(SDKROOT)/Developer/Library/Frameworks",
					"$(inherited)",
				);
				GCC_PREPROCESSOR_DEFINITIONS = (
					"DEBUG=1",
					"$(inherited)",
				);
				INFOPLIST_FILE = ExpandTableViewTests/Info.plist;
				LD_RUNPATH_SEARCH_PATHS = "$(inherited) @executable_path/Frameworks @loader_path/Frameworks";
				PRODUCT_NAME = "$(TARGET_NAME)";
				TEST_HOST = "$(BUILT_PRODUCTS_DIR)/ExpandTableView.app/ExpandTableView";
			};
			name = Debug;
		};
		A1CC3ABA1B7206E700421EA0 /* Release */ = {
			isa = XCBuildConfiguration;
			buildSettings = {
				BUNDLE_LOADER = "$(TEST_HOST)";
				FRAMEWORK_SEARCH_PATHS = (
					"$(SDKROOT)/Developer/Library/Frameworks",
					"$(inherited)",
				);
				INFOPLIST_FILE = ExpandTableViewTests/Info.plist;
				LD_RUNPATH_SEARCH_PATHS = "$(inherited) @executable_path/Frameworks @loader_path/Frameworks";
				PRODUCT_NAME = "$(TARGET_NAME)";
				TEST_HOST = "$(BUILT_PRODUCTS_DIR)/ExpandTableView.app/ExpandTableView";
			};
			name = Release;
		};
/* End XCBuildConfiguration section */

/* Begin XCConfigurationList section */
		A1CC3A8D1B7206E700421EA0 /* Build configuration list for PBXProject "ExpandTableView" */ = {
			isa = XCConfigurationList;
			buildConfigurations = (
				A1CC3AB31B7206E700421EA0 /* Debug */,
				A1CC3AB41B7206E700421EA0 /* Release */,
			);
			defaultConfigurationIsVisible = 0;
			defaultConfigurationName = Release;
		};
		A1CC3AB51B7206E700421EA0 /* Build configuration list for PBXNativeTarget "ExpandTableView" */ = {
			isa = XCConfigurationList;
			buildConfigurations = (
				A1CC3AB61B7206E700421EA0 /* Debug */,
				A1CC3AB71B7206E700421EA0 /* Release */,
			);
			defaultConfigurationIsVisible = 0;
		};
		A1CC3AB81B7206E700421EA0 /* Build configuration list for PBXNativeTarget "ExpandTableViewTests" */ = {
			isa = XCConfigurationList;
			buildConfigurations = (
				A1CC3AB91B7206E700421EA0 /* Debug */,
				A1CC3ABA1B7206E700421EA0 /* Release */,
			);
			defaultConfigurationIsVisible = 0;
		};
/* End XCConfigurationList section */
	};
	rootObject = A1CC3A8A1B7206E700421EA0 /* Project object */;
}
